
Microsoft Visual Studio Solution File, Format Version 12.00
# Visual Studio Version 17
VisualStudioVersion = 17.0.31903.59
MinimumVisualStudioVersion = 10.0.40219.1
Project("{FAE04EC0-301F-11D3-BF4B-00C04F79EFBC}") = "EasyUnitech.NetApi", "EasyUnitech.NetApi\EasyUnitech.NetApi.csproj", "{A0420711-A941-4804-8312-689C14592BD6}"
EndProject
Project("{FAE04EC0-301F-11D3-BF4B-00C04F79EFBC}") = "EasyUnitech.NetApi.Tests", "EasyUnitech.NetApi.Tests\EasyUnitech.NetApi.Tests.csproj", "{E93C5C88-D8D6-4137-B4A1-72E778B58105}"
EndProject
Global
	GlobalSection(SolutionConfigurationPlatforms) = preSolution
		Debug|Any CPU = Debug|Any CPU
		Release|Any CPU = Release|Any CPU
	EndGlobalSection
	GlobalSection(SolutionProperties) = preSolution
		HideSolutionNode = FALSE
	EndGlobalSection
	GlobalSection(ProjectConfigurationPlatforms) = postSolution
		{A0420711-A941-4804-8312-689C14592BD6}.Debug|Any CPU.ActiveCfg = Debug|Any CPU
		{A0420711-A941-4804-8312-689C14592BD6}.Debug|Any CPU.Build.0 = Debug|Any CPU
		{A0420711-A941-4804-8312-689C14592BD6}.Release|Any CPU.ActiveCfg = Release|Any CPU
		{A0420711-A941-4804-8312-689C14592BD6}.Release|Any CPU.Build.0 = Release|Any CPU
		{E93C5C88-D8D6-4137-B4A1-72E778B58105}.Debug|Any CPU.ActiveCfg = Debug|Any CPU
		{E93C5C88-D8D6-4137-B4A1-72E778B58105}.Debug|Any CPU.Build.0 = Debug|Any CPU
		{E93C5C88-D8D6-4137-B4A1-72E778B58105}.Release|Any CPU.ActiveCfg = Release|Any CPU
		{E93C5C88-D8D6-4137-B4A1-72E778B58105}.Release|Any CPU.Build.0 = Release|Any CPU
	EndGlobalSection
EndGlobal
